
Microsoft Visual Studio Solution File, Format Version 12.00
# Visual Studio 2012
Project("{5DD5E4FA-CB73-4610-85AB-557B54E96AA9}") = "Xamarin.iOS.Templates", "Xamarin.iOS.Templates\Xamarin.iOS.Templates.nuproj", "{5FA182B4-0A39-4A17-A00B-099D4D23A455}"
EndProject
Global
	GlobalSection(SolutionConfigurationPlatforms) = preSolution
		Debug|Any CPU = Debug|Any CPU
		Release|Any CPU = Release|Any CPU
	EndGlobalSection
	GlobalSection(ProjectConfigurationPlatforms) = postSolution
		{5FA182B4-0A39-4A17-A00B-099D4D23A455}.Debug|Any CPU.ActiveCfg = Debug|Any CPU
		{5FA182B4-0A39-4A17-A00B-099D4D23A455}.Debug|Any CPU.Build.0 = Debug|Any CPU
		{5FA182B4-0A39-4A17-A00B-099D4D23A455}.Release|Any CPU.ActiveCfg = Release|Any CPU
		{5FA182B4-0A39-4A17-A00B-099D4D23A455}.Release|Any CPU.Build.0 = Release|Any CPU
	EndGlobalSection
EndGlobal
